Microsoft Visual Studio Solution File, Format Version 7.00
Project("{8BC9CEB8-8B4A-11D0-8D11-00A0C91BC942}") = "ShitSender", "ShitSender.vcproj", "{0EA4824E-9B5A-45D2-AB8C-8C89087EE340}"
EndProject
Global
	GlobalSection(SolutionConfiguration) = preSolution
		ConfigName.0 = Debug
		ConfigName.1 = Release
	EndGlobalSection
	GlobalSection(ProjectDependencies) = postSolution
	EndGlobalSection
	GlobalSection(ProjectConfiguration) = postSolution
		{0EA4824E-9B5A-45D2-AB8C-8C89087EE340}.Debug.ActiveCfg = Debug|Win32
		{0EA4824E-9B5A-45D2-AB8C-8C89087EE340}.Debug.Build.0 = Debug|Win32
		{0EA4824E-9B5A-45D2-AB8C-8C89087EE340}.Release.ActiveCfg = Release|Win32
		{0EA4824E-9B5A-45D2-AB8C-8C89087EE340}.Release.Build.0 = Release|Win32
	EndGlobalSection
	GlobalSection(ExtensibilityGlobals) = postSolution
	EndGlobalSection
	GlobalSection(ExtensibilityAddIns) = postSolution
	EndGlobalSection
EndGlobal
